# This file is automatically @generated by Cargo.
# It is not intended for manual editing.
version = 3

[[package]]
name = "crc_lab5"
version = "0.1.0"
dependencies = [
 "modulo-n-tools",
]

[[package]]
name = "modulo-n-tools"
version = "0.2.0"
source = "registry+https://github.com/rust-lang/crates.io-index"
checksum = "2d4374982899fe6e25e2d00c489277e08c21fdc72e0d8fef855180604ceb0bce"
